// !$*UTF8*$!
{
	archiveVersion = 1;
	classes = {
	};
	objectVersion = 56;
	objects = {

/* Begin PBXBuildFile section */
		921772BE2B4C664F0086FE8A /* DailySleepTrackerApp.swift in Sources */ = {isa = PBXBuildFile; fileRef = 921772BD2B4C664F0086FE8A /* DailySleepTrackerApp.swift */; };
		921772C02B4C664F0086FE8A /* ContentView.swift in Sources */ = {isa = PBXBuildFile; fileRef = 921772BF2B4C664F0086FE8A /* ContentView.swift */; };
		921772C22B4C66500086FE8A /* Assets.xcassets in Resources */ = {isa = PBXBuildFile; fileRef = 921772C12B4C66500086FE8A /* Assets.xcassets */; };
		921772C52B4C66500086FE8A /* Preview Assets.xcassets in Resources */ = {isa = PBXBuildFile; fileRef = 921772C42B4C66500086FE8A /* Preview Assets.xcassets */; };
		921772CF2B4C66500086FE8A /* DailySleepTrackerTests.swift in Sources */ = {isa = PBXBuildFile; fileRef = 921772CE2B4C66500086FE8A /* DailySleepTrackerTests.swift */; };
		921772D92B4C66500086FE8A /* DailySleepTrackerUITests.swift in Sources */ = {isa = PBXBuildFile; fileRef = 921772D82B4C66500086FE8A /* DailySleepTrackerUITests.swift */; };
		921772DB2B4C66500086FE8A /* DailySleepTrackerUITestsLaunchTests.swift in Sources */ = {isa = PBXBuildFile; fileRef = 921772DA2B4C66500086FE8A /* DailySleepTrackerUITestsLaunchTests.swift */; };
/* End PBXBuildFile section */

/* Begin PBXContainerItemProxy section */
		921772CB2B4C66500086FE8A /* PBXContainerItemProxy */ = {
			isa = PBXContainerItemProxy;
			containerPortal = 921772B22B4C664F0086FE8A /* Project object */;
			proxyType = 1;
			remoteGlobalIDString = 921772B92B4C664F0086FE8A;
			remoteInfo = DailySleepTracker;
		};
		921772D52B4C66500086FE8A /* PBXContainerItemProxy */ = {
			isa = PBXContainerItemProxy;
			containerPortal = 921772B22B4C664F0086FE8A /* Project object */;
			proxyType = 1;
			remoteGlobalIDString = 921772B92B4C664F0086FE8A;
			remoteInfo = DailySleepTracker;
		};
/* End PBXContainerItemProxy section */

/* Begin PBXFileReference section */
		921772BA2B4C664F0086FE8A /* DailySleepTracker.app */ = {isa = PBXFileReference; explicitFileType = wrapper.application; includeInIndex = 0; path = DailySleepTracker.app; sourceTree = BUILT_PRODUCTS_DIR; };
		921772BD2B4C664F0086FE8A /* DailySleepTrackerApp.swift */ = {isa = PBXFileReference; lastKnownFileType = sourcecode.swift; path = DailySleepTrackerApp.swift; sourceTree = "<group>"; };
		921772BF2B4C664F0086FE8A /* ContentView.swift */ = {isa = PBXFileReference; lastKnownFileType = sourcecode.swift; path = ContentView.swift; sourceTree = "<group>"; };
		921772C12B4C66500086FE8A /* Assets.xcassets */ = {isa = PBXFileReference; lastKnownFileType = folder.assetcatalog; path = Assets.xcassets; sourceTree = "<group>"; };
		921772C42B4C66500086FE8A /* Preview Assets.xcassets */ = {isa = PBXFileReference; lastKnownFileType = folder.assetcatalog; path = "Preview Assets.xcassets"; sourceTree = "<group>"; };
		921772CA2B4C66500086FE8A /* DailySleepTrackerTests.xctest */ = {isa = PBXFileReference; explicitFileType = wrapper.cfbundle; includeInIndex = 0; path = DailySleepTrackerTests.xctest; sourceTree = BUILT_PRODUCTS_DIR; };
		921772CE2B4C66500086FE8A /* DailySleepTrackerTests.swift */ = {isa = PBXFileReference; lastKnownFileType = sourcecode.swift; path = DailySleepTrackerTests.swift; sourceTree = "<group>"; };
		921772D42B4C66500086FE8A /* DailySleepTrackerUITests.xctest */ = {isa = PBXFileReference; explicitFileType = wrapper.cfbundle; includeInIndex = 0; path = DailySleepTrackerUITests.xctest; sourceTree = BUILT_PRODUCTS_DIR; };
		921772D82B4C66500086FE8A /* DailySleepTrackerUITests.swift */ = {isa = PBXFileReference; lastKnownFileType = sourcecode.swift; path = DailySleepTrackerUITests.swift; sourceTree = "<group>"; };
		921772DA2B4C66500086FE8A /* DailySleepTrackerUITestsLaunchTests.swift */ = {isa = PBXFileReference; lastKnownFileType = sourcecode.swift; path = DailySleepTrackerUITestsLaunchTests.swift; sourceTree = "<group>"; };
/* End PBXFileReference section */

/* Begin PBXFrameworksBuildPhase section */
		921772B72B4C664F0086FE8A /* Frameworks */ = {
			isa = PBXFrameworksBuildPhase;
			buildActionMask = 2147483647;
			files = (
			);
			runOnlyForDeploymentPostprocessing = 0;
		};
		921772C72B4C66500086FE8A /* Frameworks */ = {
			isa = PBXFrameworksBuildPhase;
			buildActionMask = 2147483647;
			files = (
			);
			runOnlyForDeploymentPostprocessing = 0;
		};
		921772D12B4C66500086FE8A /* Frameworks */ = {
			isa = PBXFrameworksBuildPhase;
			buildActionMask = 2147483647;
			files = (
			);
			runOnlyForDeploymentPostprocessing = 0;
		};
/* End PBXFrameworksBuildPhase section */

/* Begin PBXGroup section */
		921772B12B4C664F0086FE8A = {
			isa = PBXGroup;
			children = (
				921772BC2B4C664F0086FE8A /* DailySleepTracker */,
				921772CD2B4C66500086FE8A /* DailySleepTrackerTests */,
				921772D72B4C66500086FE8A /* DailySleepTrackerUITests */,
				921772BB2B4C664F0086FE8A /* Products */,
			);
			sourceTree = "<group>";
		};
		921772BB2B4C664F0086FE8A /* Products */ = {
			isa = PBXGroup;
			children = (
				921772BA2B4C664F0086FE8A /* DailySleepTracker.app */,
				921772CA2B4C66500086FE8A /* DailySleepTrackerTests.xctest */,
				921772D42B4C66500086FE8A /* DailySleepTrackerUITests.xctest */,
			);
			name = Products;
			sourceTree = "<group>";
		};
		921772BC2B4C664F0086FE8A /* DailySleepTracker */ = {
			isa = PBXGroup;
			children = (
				921772BD2B4C664F0086FE8A /* DailySleepTrackerApp.swift */,
				921772BF2B4C664F0086FE8A /* ContentView.swift */,
				921772C12B4C66500086FE8A /* Assets.xcassets */,
				921772C32B4C66500086FE8A /* Preview Content */,
			);
			path = DailySleepTracker;
			sourceTree = "<group>";
		};
		921772C32B4C66500086FE8A /* Preview Content */ = {
			isa = PBXGroup;
			children = (
				921772C42B4C66500086FE8A /* Preview Assets.xcassets */,
			);
			path = "Preview Content";
			sourceTree = "<group>";
		};
		921772CD2B4C66500086FE8A /* DailySleepTrackerTests */ = {
			isa = PBXGroup;
			children = (
				921772CE2B4C66500086FE8A /* DailySleepTrackerTests.swift */,
			);
			path = DailySleepTrackerTests;
			sourceTree = "<group>";
		};
		921772D72B4C66500086FE8A /* DailySleepTrackerUITests */ = {
			isa = PBXGroup;
			children = (
				921772D82B4C66500086FE8A /* DailySleepTrackerUITests.swift */,
				921772DA2B4C66500086FE8A /* DailySleepTrackerUITestsLaunchTests.swift */,
			);
			path = DailySleepTrackerUITests;
			sourceTree = "<group>";
		};
/* End PBXGroup section */

/* Begin PBXNativeTarget section */
		921772B92B4C664F0086FE8A /* DailySleepTracker */ = {
			isa = PBXNativeTarget;
			buildConfigurationList = 921772DE2B4C66500086FE8A /* Build configuration list for PBXNativeTarget "DailySleepTracker" */;
			buildPhases = (
				921772B62B4C664F0086FE8A /* Sources */,
				921772B72B4C664F0086FE8A /* Frameworks */,
				921772B82B4C664F0086FE8A /* Resources */,
			);
			buildRules = (
			);
			dependencies = (
			);
			name = DailySleepTracker;
			productName = DailySleepTracker;
			productReference = 921772BA2B4C664F0086FE8A /* DailySleepTracker.app */;
			productType = "com.apple.product-type.application";
		};
		921772C92B4C66500086FE8A /* DailySleepTrackerTests */ = {
			isa = PBXNativeTarget;
			buildConfigurationList = 921772E12B4C66500086FE8A /* Build configuration list for PBXNativeTarget "DailySleepTrackerTests" */;
			buildPhases = (
				921772C62B4C66500086FE8A /* Sources */,
				921772C72B4C66500086FE8A /* Frameworks */,
				921772C82B4C66500086FE8A /* Resources */,
			);
			buildRules = (
			);
			dependencies = (
				921772CC2B4C66500086FE8A /* PBXTargetDependency */,
			);
			name = DailySleepTrackerTests;
			productName = DailySleepTrackerTests;
			productReference = 921772CA2B4C66500086FE8A /* DailySleepTrackerTests.xctest */;
			productType = "com.apple.product-type.bundle.unit-test";
		};
		921772D32B4C66500086FE8A /* DailySleepTrackerUITests */ = {
			isa = PBXNativeTarget;
			buildConfigurationList = 921772E42B4C66500086FE8A /* Build configuration list for PBXNativeTarget "DailySleepTrackerUITests" */;
			buildPhases = (
				921772D02B4C66500086FE8A /* Sources */,
				921772D12B4C66500086FE8A /* Frameworks */,
				921772D22B4C66500086FE8A /* Resources */,
			);
			buildRules = (
			);
			dependencies = (
				921772D62B4C66500086FE8A /* PBXTargetDependency */,
			);
			name = DailySleepTrackerUITests;
			productName = DailySleepTrackerUITests;
			productReference = 921772D42B4C66500086FE8A /* DailySleepTrackerUITests.xctest */;
			productType = "com.apple.product-type.bundle.ui-testing";
		};
/* End PBXNativeTarget section */

/* Begin PBXProject section */
		921772B22B4C664F0086FE8A /* Project object */ = {
			isa = PBXProject;
			attributes = {
				BuildIndependentTargetsInParallel = 1;
				LastSwiftUpdateCheck = 1510;
				LastUpgradeCheck = 1510;
				TargetAttributes = {
					921772B92B4C664F0086FE8A = {
						CreatedOnToolsVersion = 15.1;
					};
					921772C92B4C66500086FE8A = {
						CreatedOnToolsVersion = 15.1;
						TestTargetID = 921772B92B4C664F0086FE8A;
					};
					921772D32B4C66500086FE8A = {
						CreatedOnToolsVersion = 15.1;
						TestTargetID = 921772B92B4C664F0086FE8A;
					};
				};
			};
			buildConfigurationList = 921772B52B4C664F0086FE8A /* Build configuration list for PBXProject "DailySleepTracker" */;
			compatibilityVersion = "Xcode 14.0";
			developmentRegion = en;
			hasScannedForEncodings = 0;
			knownRegions = (
				en,
				Base,
			);
			mainGroup = 921772B12B4C664F0086FE8A;
			productRefGroup = 921772BB2B4C664F0086FE8A /* Products */;
			projectDirPath = "";
			projectRoot = "";
			targets = (
				921772B92B4C664F0086FE8A /* DailySleepTracker */,
				921772C92B4C66500086FE8A /* DailySleepTrackerTests */,
				921772D32B4C66500086FE8A /* DailySleepTrackerUITests */,
			);
		};
/* End PBXProject section */

/* Begin PBXResourcesBuildPhase section */
		921772B82B4C664F0086FE8A /* Resources */ = {
			isa = PBXResourcesBuildPhase;
			buildActionMask = 2147483647;
			files = (
				921772C52B4C66500086FE8A /* Preview Assets.xcassets in Resources */,
				921772C22B4C66500086FE8A /* Assets.xcassets in Resources */,
			);
			runOnlyForDeploymentPostprocessing = 0;
		};
		921772C82B4C66500086FE8A /* Resources */ = {
			isa = PBXResourcesBuildPhase;
			buildActionMask = 2147483647;
			files = (
			);
			runOnlyForDeploymentPostprocessing = 0;
		};
		921772D22B4C66500086FE8A /* Resources */ = {
			isa = PBXResourcesBuildPhase;
			buildActionMask = 2147483647;
			files = (
			);
			runOnlyForDeploymentPostprocessing = 0;
		};
/* End PBXResourcesBuildPhase section */

/* Begin PBXSourcesBuildPhase section */
		921772B62B4C664F0086FE8A /* Sources */ = {
			isa = PBXSourcesBuildPhase;
			buildActionMask = 2147483647;
			files = (
				921772C02B4C664F0086FE8A /* ContentView.swift in Sources */,
				921772BE2B4C664F0086FE8A /* DailySleepTrackerApp.swift in Sources */,
			);
			runOnlyForDeploymentPostprocessing = 0;
		};
		921772C62B4C66500086FE8A /* Sources */ = {
			isa = PBXSourcesBuildPhase;
			buildActionMask = 2147483647;
			files = (
				921772CF2B4C66500086FE8A /* DailySleepTrackerTests.swift in Sources */,
			);
			runOnlyForDeploymentPostprocessing = 0;
		};
		921772D02B4C66500086FE8A /* Sources */ = {
			isa = PBXSourcesBuildPhase;
			buildActionMask = 2147483647;
			files = (
				921772D92B4C66500086FE8A /* DailySleepTrackerUITests.swift in Sources */,
				921772DB2B4C66500086FE8A /* DailySleepTrackerUITestsLaunchTests.swift in Sources */,
			);
			runOnlyForDeploymentPostprocessing = 0;
		};
/* End PBXSourcesBuildPhase section */

/* Begin PBXTargetDependency section */
		921772CC2B4C66500086FE8A /* PBXTargetDependency */ = {
			isa = PBXTargetDependency;
			target = 921772B92B4C664F0086FE8A /* DailySleepTracker */;
			targetProxy = 921772CB2B4C66500086FE8A /* PBXContainerItemProxy */;
		};
		921772D62B4C66500086FE8A /* PBXTargetDependency */ = {
			isa = PBXTargetDependency;
			target = 921772B92B4C664F0086FE8A /* DailySleepTracker */;
			targetProxy = 921772D52B4C66500086FE8A /* PBXContainerItemProxy */;
		};
/* End PBXTargetDependency section */

/* Begin XCBuildConfiguration section */
		921772DC2B4C66500086FE8A /* Debug */ = {
			isa = XCBuildConfiguration;
			buildSettings = {
				ALWAYS_SEARCH_USER_PATHS = NO;
				ASSETCATALOG_COMPILER_GENERATE_SWIFT_ASSET_SYMBOL_EXTENSIONS = YES;
				CLANG_ANALYZER_NONNULL = YES;
				CLANG_ANALYZER_NUMBER_OBJECT_CONVERSION = YES_AGGRESSIVE;
				CLANG_CXX_LANGUAGE_STANDARD = "gnu++20";
				CLANG_ENABLE_MODULES = YES;
				CLANG_ENABLE_OBJC_ARC = YES;
				CLANG_ENABLE_OBJC_WEAK = YES;
				CLANG_WARN_BLOCK_CAPTURE_AUTORELEASING = YES;
				CLANG_WARN_BOOL_CONVERSION = YES;
				CLANG_WARN_COMMA = YES;
				CLANG_WARN_CONSTANT_CONVERSION = YES;
				CLANG_WARN_DEPRECATED_OBJC_IMPLEMENTATIONS = YES;
				CLANG_WARN_DIRECT_OBJC_ISA_USAGE = YES_ERROR;
				CLANG_WARN_DOCUMENTATION_COMMENTS = YES;
				CLANG_WARN_EMPTY_BODY = YES;
				CLANG_WARN_ENUM_CONVERSION = YES;
				CLANG_WARN_INFINITE_RECURSION = YES;
				CLANG_WARN_INT_CONVERSION = YES;
				CLANG_WARN_NON_LITERAL_NULL_CONVERSION = YES;
				CLANG_WARN_OBJC_IMPLICIT_RETAIN_SELF = YES;
				CLANG_WARN_OBJC_LITERAL_CONVERSION = YES;
				CLANG_WARN_OBJC_ROOT_CLASS = YES_ERROR;
				CLANG_WARN_QUOTED_INCLUDE_IN_FRAMEWORK_HEADER = YES;
				CLANG_WARN_RANGE_LOOP_ANALYSIS = YES;
				CLANG_WARN_STRICT_PROTOTYPES = YES;
				CLANG_WARN_SUSPICIOUS_MOVE = YES;
				CLANG_WARN_UNGUARDED_AVAILABILITY = YES_AGGRESSIVE;
				CLANG_WARN_UNREACHABLE_CODE = YES;
				CLANG_WARN__DUPLICATE_METHOD_MATCH = YES;
				COPY_PHASE_STRIP = NO;
				DEBUG_INFORMATION_FORMAT = dwarf;
				ENABLE_STRICT_OBJC_MSGSEND = YES;
				ENABLE_TESTABILITY = YES;
				ENABLE_USER_SCRIPT_SANDBOXING = YES;
				GCC_C_LANGUAGE_STANDARD = gnu17;
				GCC_DYNAMIC_NO_PIC = NO;
				GCC_NO_COMMON_BLOCKS = YES;
				GCC_OPTIMIZATION_LEVEL = 0;
				GCC_PREPROCESSOR_DEFINITIONS = (
					"DEBUG=1",
					"$(inherited)",
				);
				GCC_WARN_64_TO_32_BIT_CONVERSION = YES;
				GCC_WARN_ABOUT_RETURN_TYPE = YES_ERROR;
				GCC_WARN_UNDECLARED_SELECTOR = YES;
				GCC_WARN_UNINITIALIZED_AUTOS = YES_AGGRESSIVE;
				GCC_WARN_UNUSED_FUNCTION = YES;
				GCC_WARN_UNUSED_VARIABLE = YES;
				IPHONEOS_DEPLOYMENT_TARGET = 17.2;
				LOCALIZATION_PREFERS_STRING_CATALOGS = YES;
				MTL_ENABLE_DEBUG_INFO = INCLUDE_SOURCE;
				MTL_FAST_MATH = YES;
				ONLY_ACTIVE_ARCH = YES;
				SDKROOT = iphoneos;
				SWIFT_ACTIVE_COMPILATION_CONDITIONS = "DEBUG $(inherited)";
				SWIFT_OPTIMIZATION_LEVEL = "-Onone";
			};
			name = Debug;
		};
		921772DD2B4C66500086FE8A /* Release */ = {
			isa = XCBuildConfiguration;
			buildSettings = {
				ALWAYS_SEARCH_USER_PATHS = NO;
				ASSETCATALOG_COMPILER_GENERATE_SWIFT_ASSET_SYMBOL_EXTENSIONS = YES;
				CLANG_ANALYZER_NONNULL = YES;
				CLANG_ANALYZER_NUMBER_OBJECT_CONVERSION = YES_AGGRESSIVE;
				CLANG_CXX_LANGUAGE_STANDARD = "gnu++20";
				CLANG_ENABLE_MODULES = YES;
				CLANG_ENABLE_OBJC_ARC = YES;
				CLANG_ENABLE_OBJC_WEAK = YES;
				CLANG_WARN_BLOCK_CAPTURE_AUTORELEASING = YES;
				CLANG_WARN_BOOL_CONVERSION = YES;
				CLANG_WARN_COMMA = YES;
				CLANG_WARN_CONSTANT_CONVERSION = YES;
				CLANG_WARN_DEPRECATED_OBJC_IMPLEMENTATIONS = YES;
				CLANG_WARN_DIRECT_OBJC_ISA_USAGE = YES_ERROR;
				CLANG_WARN_DOCUMENTATION_COMMENTS = YES;
				CLANG_WARN_EMPTY_BODY = YES;
				CLANG_WARN_ENUM_CONVERSION = YES;
				CLANG_WARN_INFINITE_RECURSION = YES;
				CLANG_WARN_INT_CONVERSION = YES;
				CLANG_WARN_NON_LITERAL_NULL_CONVERSION = YES;
				CLANG_WARN_OBJC_IMPLICIT_RETAIN_SELF = YES;
				CLANG_WARN_OBJC_LITERAL_CONVERSION = YES;
				CLANG_WARN_OBJC_ROOT_CLASS = YES_ERROR;
				CLANG_WARN_QUOTED_INCLUDE_IN_FRAMEWORK_HEADER = YES;
				CLANG_WARN_RANGE_LOOP_ANALYSIS = YES;
				CLANG_WARN_STRICT_PROTOTYPES = YES;
				CLANG_WARN_SUSPICIOUS_MOVE = YES;
				CLANG_WARN_UNGUARDED_AVAILABILITY = YES_AGGRESSIVE;
				CLANG_WARN_UNREACHABLE_CODE = YES;
				CLANG_WARN__DUPLICATE_METHOD_MATCH = YES;
				COPY_PHASE_STRIP = NO;
				DEBUG_INFORMATION_FORMAT = "dwarf-with-dsym";
				ENABLE_NS_ASSERTIONS = NO;
				ENABLE_STRICT_OBJC_MSGSEND = YES;
				ENABLE_USER_SCRIPT_SANDBOXING = YES;
				GCC_C_LANGUAGE_STANDARD = gnu17;
				GCC_NO_COMMON_BLOCKS = YES;
				GCC_WARN_64_TO_32_BIT_CONVERSION = YES;
				GCC_WARN_ABOUT_RETURN_TYPE = YES_ERROR;
				GCC_WARN_UNDECLARED_SELECTOR = YES;
				GCC_WARN_UNINITIALIZED_AUTOS = YES_AGGRESSIVE;
				GCC_WARN_UNUSED_FUNCTION = YES;
				GCC_WARN_UNUSED_VARIABLE = YES;
				IPHONEOS_DEPLOYMENT_TARGET = 17.2;
				LOCALIZATION_PREFERS_STRING_CATALOGS = YES;
				MTL_ENABLE_DEBUG_INFO = NO;
				MTL_FAST_MATH = YES;
				SDKROOT = iphoneos;
				SWIFT_COMPILATION_MODE = wholemodule;
				VALIDATE_PRODUCT = YES;
			};
			name = Release;
		};
		921772DF2B4C66500086FE8A /* Debug */ = {
			isa = XCBuildConfiguration;
			buildSettings = {
				ASSETCATALOG_COMPILER_APPICON_NAME = AppIcon;
				ASSETCATALOG_COMPILER_GLOBAL_ACCENT_COLOR_NAME = AccentColor;
				CODE_SIGN_STYLE = Automatic;
				CURRENT_PROJECT_VERSION = 1;
				DEVELOPMENT_ASSET_PATHS = "\"DailySleepTracker/Preview Content\"";
				DEVELOPMENT_TEAM = 9QHY7Y942C;
				ENABLE_PREVIEWS = YES;
				GENERATE_INFOPLIST_FILE = YES;
				INFOPLIST_KEY_UIApplicationSceneManifest_Generation = YES;
				INFOPLIST_KEY_UIApplicationSupportsIndirectInputEvents = YES;
				INFOPLIST_KEY_UILaunchScreen_Generation = YES;
				INFOPLIST_KEY_UISupportedInterfaceOrientations_iPad = "UIInterfaceOrientationPortrait UIInterfaceOrientationPortraitUpsideDown UIInterfaceOrientationLandscapeLeft UIInterfaceOrientationLandscapeRight";
				INFOPLIST_KEY_UISupportedInterfaceOrientations_iPhone = "UIInterfaceOrientationPortrait UIInterfaceOrientationLandscapeLeft UIInterfaceOrientationLandscapeRight";
				LD_RUNPATH_SEARCH_PATHS = (
					"$(inherited)",
					"@executable_path/Frameworks",
				);
				MARKETING_VERSION = 1.0;
				PRODUCT_BUNDLE_IDENTIFIER = com.MaxRoberts.DailySleepTracker;
				PRODUCT_NAME = "$(TARGET_NAME)";
				SWIFT_EMIT_LOC_STRINGS = YES;
				SWIFT_VERSION = 5.0;
				TARGETED_DEVICE_FAMILY = "1,2";
			};
			name = Debug;
		};
		921772E02B4C66500086FE8A /* Release */ = {
			isa = XCBuildConfiguration;
			buildSettings = {
				ASSETCATALOG_COMPILER_APPICON_NAME = AppIcon;
				ASSETCATALOG_COMPILER_GLOBAL_ACCENT_COLOR_NAME = AccentColor;
				CODE_SIGN_STYLE = Automatic;
				CURRENT_PROJECT_VERSION = 1;
				DEVELOPMENT_ASSET_PATHS = "\"DailySleepTracker/Preview Content\"";
				DEVELOPMENT_TEAM = 9QHY7Y942C;
				ENABLE_PREVIEWS = YES;
				GENERATE_INFOPLIST_FILE = YES;
				INFOPLIST_KEY_UIApplicationSceneManifest_Generation = YES;
				INFOPLIST_KEY_UIApplicationSupportsIndirectInputEvents = YES;
				INFOPLIST_KEY_UILaunchScreen_Generation = YES;
				INFOPLIST_KEY_UISupportedInterfaceOrientations_iPad = "UIInterfaceOrientationPortrait UIInterfaceOrientationPortraitUpsideDown UIInterfaceOrientationLandscapeLeft UIInterfaceOrientationLandscapeRight";
				INFOPLIST_KEY_UISupportedInterfaceOrientations_iPhone = "UIInterfaceOrientationPortrait UIInterfaceOrientationLandscapeLeft UIInterfaceOrientationLandscapeRight";
				LD_RUNPATH_SEARCH_PATHS = (
					"$(inherited)",
					"@executable_path/Frameworks",
				);
				MARKETING_VERSION = 1.0;
				PRODUCT_BUNDLE_IDENTIFIER = com.MaxRoberts.DailySleepTracker;
				PRODUCT_NAME = "$(TARGET_NAME)";
				SWIFT_EMIT_LOC_STRINGS = YES;
				SWIFT_VERSION = 5.0;
				TARGETED_DEVICE_FAMILY = "1,2";
			};
			name = Release;
		};
		921772E22B4C66500086FE8A /* Debug */ = {
			isa = XCBuildConfiguration;
			buildSettings = {
				ALWAYS_EMBED_SWIFT_STANDARD_LIBRARIES = YES;
				BUNDLE_LOADER = "$(TEST_HOST)";
				CODE_SIGN_STYLE = Automatic;
				CURRENT_PROJECT_VERSION = 1;
				DEVELOPMENT_TEAM = 9QHY7Y942C;
				GENERATE_INFOPLIST_FILE = YES;
				IPHONEOS_DEPLOYMENT_TARGET = 17.2;
				MARKETING_VERSION = 1.0;
				PRODUCT_BUNDLE_IDENTIFIER = com.MaxRoberts.DailySleepTrackerTests;
				PRODUCT_NAME = "$(TARGET_NAME)";
				SWIFT_EMIT_LOC_STRINGS = NO;
				SWIFT_VERSION = 5.0;
				TARGETED_DEVICE_FAMILY = "1,2";
				TEST_HOST = "$(BUILT_PRODUCTS_DIR)/DailySleepTracker.app/$(BUNDLE_EXECUTABLE_FOLDER_PATH)/DailySleepTracker";
			};
			name = Debug;
		};
		921772E32B4C66500086FE8A /* Release */ = {
			isa = XCBuildConfiguration;
			buildSettings = {
				ALWAYS_EMBED_SWIFT_STANDARD_LIBRARIES = YES;
				BUNDLE_LOADER = "$(TEST_HOST)";
				CODE_SIGN_STYLE = Automatic;
				CURRENT_PROJECT_VERSION = 1;
				DEVELOPMENT_TEAM = 9QHY7Y942C;
				GENERATE_INFOPLIST_FILE = YES;
				IPHONEOS_DEPLOYMENT_TARGET = 17.2;
				MARKETING_VERSION = 1.0;
				PRODUCT_BUNDLE_IDENTIFIER = com.MaxRoberts.DailySleepTrackerTests;
				PRODUCT_NAME = "$(TARGET_NAME)";
				SWIFT_EMIT_LOC_STRINGS = NO;
				SWIFT_VERSION = 5.0;
				TARGETED_DEVICE_FAMILY = "1,2";
				TEST_HOST = "$(BUILT_PRODUCTS_DIR)/DailySleepTracker.app/$(BUNDLE_EXECUTABLE_FOLDER_PATH)/DailySleepTracker";
			};
			name = Release;
		};
		921772E52B4C66500086FE8A /* Debug */ = {
			isa = XCBuildConfiguration;
			buildSettings = {
				ALWAYS_EMBED_SWIFT_STANDARD_LIBRARIES = YES;
				CODE_SIGN_STYLE = Automatic;
				CURRENT_PROJECT_VERSION = 1;
				DEVELOPMENT_TEAM = 9QHY7Y942C;
				GENERATE_INFOPLIST_FILE = YES;
				MARKETING_VERSION = 1.0;
				PRODUCT_BUNDLE_IDENTIFIER = com.MaxRoberts.DailySleepTrackerUITests;
				PRODUCT_NAME = "$(TARGET_NAME)";
				SWIFT_EMIT_LOC_STRINGS = NO;
				SWIFT_VERSION = 5.0;
				TARGETED_DEVICE_FAMILY = "1,2";
				TEST_TARGET_NAME = DailySleepTracker;
			};
			name = Debug;
		};
		921772E62B4C66500086FE8A /* Release */ = {
			isa = XCBuildConfiguration;
			buildSettings = {
				ALWAYS_EMBED_SWIFT_STANDARD_LIBRARIES = YES;
				CODE_SIGN_STYLE = Automatic;
				CURRENT_PROJECT_VERSION = 1;
				DEVELOPMENT_TEAM = 9QHY7Y942C;
				GENERATE_INFOPLIST_FILE = YES;
				MARKETING_VERSION = 1.0;
				PRODUCT_BUNDLE_IDENTIFIER = com.MaxRoberts.DailySleepTrackerUITests;
				PRODUCT_NAME = "$(TARGET_NAME)";
				SWIFT_EMIT_LOC_STRINGS = NO;
				SWIFT_VERSION = 5.0;
				TARGETED_DEVICE_FAMILY = "1,2";
				TEST_TARGET_NAME = DailySleepTracker;
			};
			name = Release;
		};
/* End XCBuildConfiguration section */

/* Begin XCConfigurationList section */
		921772B52B4C664F0086FE8A /* Build configuration list for PBXProject "DailySleepTracker" */ = {
			isa = XCConfigurationList;
			buildConfigurations = (
				921772DC2B4C66500086FE8A /* Debug */,
				921772DD2B4C66500086FE8A /* Release */,
			);
			defaultConfigurationIsVisible = 0;
			defaultConfigurationName = Release;
		};
		921772DE2B4C66500086FE8A /* Build configuration list for PBXNativeTarget "DailySleepTracker" */ = {
			isa = XCConfigurationList;
			buildConfigurations = (
				921772DF2B4C66500086FE8A /* Debug */,
				921772E02B4C66500086FE8A /* Release */,
			);
			defaultConfigurationIsVisible = 0;
			defaultConfigurationName = Release;
		};
		921772E12B4C66500086FE8A /* Build configuration list for PBXNativeTarget "DailySleepTrackerTests" */ = {
			isa = XCConfigurationList;
			buildConfigurations = (
				921772E22B4C66500086FE8A /* Debug */,
				921772E32B4C66500086FE8A /* Release */,
			);
			defaultConfigurationIsVisible = 0;
			defaultConfigurationName = Release;
		};
		921772E42B4C66500086FE8A /* Build configuration list for PBXNativeTarget "DailySleepTrackerUITests" */ = {
			isa = XCConfigurationList;
			buildConfigurations = (
				921772E52B4C66500086FE8A /* Debug */,
				921772E62B4C66500086FE8A /* Release */,
			);
			defaultConfigurationIsVisible = 0;
			defaultConfigurationName = Release;
		};
/* End XCConfigurationList section */
	};
	rootObject = 921772B22B4C664F0086FE8A /* Project object */;
}
